
Microsoft Visual Studio Solution File, Format Version 12.00
# Visual Studio Version 17
VisualStudioVersion = 17.11.35327.3
MinimumVisualStudioVersion = 10.0.40219.1
Project("{FAE04EC0-301F-11D3-BF4B-00C04F79EFBC}") = "TechnicoBackend", "TechnicoBackend\TechnicoBackend.csproj", "{BC1A7016-E6F5-4D5B-A376-EEA2A0ADC24D}"
EndProject
Global
	GlobalSection(SolutionConfigurationPlatforms) = preSolution
		Debug|Any CPU = Debug|Any CPU
		Release|Any CPU = Release|Any CPU
	EndGlobalSection
	GlobalSection(ProjectConfigurationPlatforms) = postSolution
		{BC1A7016-E6F5-4D5B-A376-EEA2A0ADC24D}.Debug|Any CPU.ActiveCfg = Debug|Any CPU
		{BC1A7016-E6F5-4D5B-A376-EEA2A0ADC24D}.Debug|Any CPU.Build.0 = Debug|Any CPU
		{BC1A7016-E6F5-4D5B-A376-EEA2A0ADC24D}.Release|Any CPU.ActiveCfg = Release|Any CPU
		{BC1A7016-E6F5-4D5B-A376-EEA2A0ADC24D}.Release|Any CPU.Build.0 = Release|Any CPU
	EndGlobalSection
	GlobalSection(SolutionProperties) = preSolution
		HideSolutionNode = FALSE
	EndGlobalSection
	GlobalSection(ExtensibilityGlobals) = postSolution
		SolutionGuid = {A01FCF14-7037-48AA-A1EB-F8C6F90D3DCF}
	EndGlobalSection
EndGlobal
